
Microsoft Visual Studio Solution File, Format Version 12.00
# Visual Studio 15
VisualStudioVersion = 15.0.28307.1145
MinimumVisualStudioVersion = 10.0.40219.1
Project("{FAE04EC0-301F-11D3-BF4B-00C04F79EFBC}") = "LB_1", "LB_1\LB_1.csproj", "{49C423C7-A7C6-4B23-BF9D-B831811D8226}"
EndProject
Global
	GlobalSection(SolutionConfigurationPlatforms) = preSolution
		Debug|Any CPU = Debug|Any CPU
		Release|Any CPU = Release|Any CPU
	EndGlobalSection
	GlobalSection(ProjectConfigurationPlatforms) = postSolution
		{49C423C7-A7C6-4B23-BF9D-B831811D8226}.Debug|Any CPU.ActiveCfg = Debug|Any CPU
		{49C423C7-A7C6-4B23-BF9D-B831811D8226}.Debug|Any CPU.Build.0 = Debug|Any CPU
		{49C423C7-A7C6-4B23-BF9D-B831811D8226}.Release|Any CPU.ActiveCfg = Release|Any CPU
		{49C423C7-A7C6-4B23-BF9D-B831811D8226}.Release|Any CPU.Build.0 = Release|Any CPU
	EndGlobalSection
	GlobalSection(SolutionProperties) = preSolution
		HideSolutionNode = FALSE
	EndGlobalSection
	GlobalSection(ExtensibilityGlobals) = postSolution
		SolutionGuid = {1EA28B91-84AC-4DDB-9B0B-3D0DAE35F9C9}
	EndGlobalSection
EndGlobal
