
Microsoft Visual Studio Solution File, Format Version 12.00
# Visual Studio 15
VisualStudioVersion = 15.0.28307.1145
MinimumVisualStudioVersion = 10.0.40219.1
Project("{FAE04EC0-301F-11D3-BF4B-00C04F79EFBC}") = "LB_4", "LB_4\LB_4.csproj", "{D79443FB-A95F-4F47-AE79-4F92AFE70EBE}"
EndProject
Global
	GlobalSection(SolutionConfigurationPlatforms) = preSolution
		Debug|Any CPU = Debug|Any CPU
		Release|Any CPU = Release|Any CPU
	EndGlobalSection
	GlobalSection(ProjectConfigurationPlatforms) = postSolution
		{D79443FB-A95F-4F47-AE79-4F92AFE70EBE}.Debug|Any CPU.ActiveCfg = Debug|Any CPU
		{D79443FB-A95F-4F47-AE79-4F92AFE70EBE}.Debug|Any CPU.Build.0 = Debug|Any CPU
		{D79443FB-A95F-4F47-AE79-4F92AFE70EBE}.Release|Any CPU.ActiveCfg = Release|Any CPU
		{D79443FB-A95F-4F47-AE79-4F92AFE70EBE}.Release|Any CPU.Build.0 = Release|Any CPU
	EndGlobalSection
	GlobalSection(SolutionProperties) = preSolution
		HideSolutionNode = FALSE
	EndGlobalSection
	GlobalSection(ExtensibilityGlobals) = postSolution
		SolutionGuid = {6280DFF0-4DAE-4575-91E0-75A4F94029A3}
	EndGlobalSection
EndGlobal
